
Microsoft Visual Studio Solution File, Format Version 12.00
# Visual Studio Version 17
VisualStudioVersion = 17.2.32526.322
MinimumVisualStudioVersion = 10.0.40219.1
Project("{FAE04EC0-301F-11D3-BF4B-00C04F79EFBC}") = "SharlayanReader", "SharlayanReader\SharlayanReader.csproj", "{9FD08C76-95EA-4632-9452-B384B03EC6E7}"
EndProject
Project("{9A19103F-16F7-4668-BE54-9A1E7A4F7556}") = "Sharlayan", "Sharlayan\Sharlayan.csproj", "{EA184B85-4FDB-4996-9A6E-72DE9FE2D1EC}"
EndProject
Global
	GlobalSection(SolutionConfigurationPlatforms) = preSolution
		Debug|Any CPU = Debug|Any CPU
		Release|Any CPU = Release|Any CPU
	EndGlobalSection
	GlobalSection(ProjectConfigurationPlatforms) = postSolution
		{9FD08C76-95EA-4632-9452-B384B03EC6E7}.Debug|Any CPU.ActiveCfg = Debug|Any CPU
		{9FD08C76-95EA-4632-9452-B384B03EC6E7}.Debug|Any CPU.Build.0 = Debug|Any CPU
		{9FD08C76-95EA-4632-9452-B384B03EC6E7}.Release|Any CPU.ActiveCfg = Release|Any CPU
		{9FD08C76-95EA-4632-9452-B384B03EC6E7}.Release|Any CPU.Build.0 = Release|Any CPU
		{EA184B85-4FDB-4996-9A6E-72DE9FE2D1EC}.Debug|Any CPU.ActiveCfg = Debug|Any CPU
		{EA184B85-4FDB-4996-9A6E-72DE9FE2D1EC}.Debug|Any CPU.Build.0 = Debug|Any CPU
		{EA184B85-4FDB-4996-9A6E-72DE9FE2D1EC}.Release|Any CPU.ActiveCfg = Release|Any CPU
		{EA184B85-4FDB-4996-9A6E-72DE9FE2D1EC}.Release|Any CPU.Build.0 = Release|Any CPU
	EndGlobalSection
	GlobalSection(SolutionProperties) = preSolution
		HideSolutionNode = FALSE
	EndGlobalSection
	GlobalSection(ExtensibilityGlobals) = postSolution
		SolutionGuid = {DEB16E5B-A6C8-4CB2-8D87-4A84EFFCC32A}
	EndGlobalSection
EndGlobal
